
Microsoft Visual Studio Solution File, Format Version 12.00
# Visual Studio Version 16
VisualStudioVersion = 16.0.29709.97
MinimumVisualStudioVersion = 10.0.40219.1
Project("{FAE04EC0-301F-11D3-BF4B-00C04F79EFBC}") = "MasterPageNew1", "MasterPageNew1\MasterPageNew1.csproj", "{83F14152-F3B5-4896-AFA3-DD17B65721D6}"
EndProject
Global
	GlobalSection(SolutionConfigurationPlatforms) = preSolution
		Debug|Any CPU = Debug|Any CPU
		Release|Any CPU = Release|Any CPU
	EndGlobalSection
	GlobalSection(ProjectConfigurationPlatforms) = postSolution
		{83F14152-F3B5-4896-AFA3-DD17B65721D6}.Debug|Any CPU.ActiveCfg = Debug|Any CPU
		{83F14152-F3B5-4896-AFA3-DD17B65721D6}.Debug|Any CPU.Build.0 = Debug|Any CPU
		{83F14152-F3B5-4896-AFA3-DD17B65721D6}.Release|Any CPU.ActiveCfg = Release|Any CPU
		{83F14152-F3B5-4896-AFA3-DD17B65721D6}.Release|Any CPU.Build.0 = Release|Any CPU
	EndGlobalSection
	GlobalSection(SolutionProperties) = preSolution
		HideSolutionNode = FALSE
	EndGlobalSection
	GlobalSection(ExtensibilityGlobals) = postSolution
		SolutionGuid = {6E50CE7A-6E15-4E51-9643-3C66EEA67AB9}
	EndGlobalSection
EndGlobal
